
Microsoft Visual Studio Solution File, Format Version 12.00
# Visual Studio Version 16
VisualStudioVersion = 16.0.29920.165
MinimumVisualStudioVersion = 10.0.40219.1
Project("{FAE04EC0-301F-11D3-BF4B-00C04F79EFBC}") = "APBD_TEST_01", "APBD_TEST_01\APBD_TEST_01.csproj", "{0910F676-9454-48A7-939B-A8F8EA7646CE}"
EndProject
Global
	GlobalSection(SolutionConfigurationPlatforms) = preSolution
		Debug|Any CPU = Debug|Any CPU
		Release|Any CPU = Release|Any CPU
	EndGlobalSection
	GlobalSection(ProjectConfigurationPlatforms) = postSolution
		{0910F676-9454-48A7-939B-A8F8EA7646CE}.Debug|Any CPU.ActiveCfg = Debug|Any CPU
		{0910F676-9454-48A7-939B-A8F8EA7646CE}.Debug|Any CPU.Build.0 = Debug|Any CPU
		{0910F676-9454-48A7-939B-A8F8EA7646CE}.Release|Any CPU.ActiveCfg = Release|Any CPU
		{0910F676-9454-48A7-939B-A8F8EA7646CE}.Release|Any CPU.Build.0 = Release|Any CPU
	EndGlobalSection
	GlobalSection(SolutionProperties) = preSolution
		HideSolutionNode = FALSE
	EndGlobalSection
	GlobalSection(ExtensibilityGlobals) = postSolution
		SolutionGuid = {E85ED368-D530-496A-899C-5A9F067E8AE9}
	EndGlobalSection
EndGlobal
